{
  "name": "travel.github.io",
  "version": "1.0.0",
  "lockfileVersion": 1,
  "requires": true,
  "dependencies": {
    "5": {
      "version": "0.0.1",
      "resolved": "https://registry.npmjs.org/5/-/5-0.0.1.tgz",
      "integrity": "sha1-ikpWujz1Ea4Rep0Plc/O+OEAoxw="
    },
    "bootstrap": {
      "version": "5.0.2",
      "resolved": "https://registry.npmjs.org/bootstrap/-/bootstrap-5.0.2.tgz",
      "integrity": "sha512-1Ge963tyEQWJJ+8qtXFU6wgmAVj9gweEjibUdbmcCEYsn38tVwRk8107rk2vzt6cfQcRr3SlZ8aQBqaD8aqf+Q=="
    },
    "remixicon": {
      "version": "2.5.0",
      "resolved": "https://registry.npmjs.org/remixicon/-/remixicon-2.5.0.tgz",
      "integrity": "sha512-q54ra2QutYDZpuSnFjmeagmEiN9IMo56/zz5dDNitzKD23oFRw77cWo4TsrAdmdkPiEn8mxlrTqxnkujDbEGww=="
    }
  }
}
